
Microsoft Visual Studio Solution File, Format Version 12.00
Project("{FAE04EC0-301F-11D3-BF4B-00C04F79EFBC}") = "DnDConsole", "DnDConsole\DnDConsole.csproj", "{C8EAEE64-8C0B-4A65-8719-F751F2BC6ECB}"
EndProject
Project("{FAE04EC0-301F-11D3-BF4B-00C04F79EFBC}") = "RollAPI", "RollAPI\RollAPI.csproj", "{9907133E-E18C-43C6-AD08-44406E14CADD}"
EndProject
Global
	GlobalSection(SolutionConfigurationPlatforms) = preSolution
		Debug|Any CPU = Debug|Any CPU
		Release|Any CPU = Release|Any CPU
	EndGlobalSection
	GlobalSection(ProjectConfigurationPlatforms) = postSolution
		{C8EAEE64-8C0B-4A65-8719-F751F2BC6ECB}.Debug|Any CPU.ActiveCfg = Debug|Any CPU
		{C8EAEE64-8C0B-4A65-8719-F751F2BC6ECB}.Debug|Any CPU.Build.0 = Debug|Any CPU
		{C8EAEE64-8C0B-4A65-8719-F751F2BC6ECB}.Release|Any CPU.ActiveCfg = Release|Any CPU
		{C8EAEE64-8C0B-4A65-8719-F751F2BC6ECB}.Release|Any CPU.Build.0 = Release|Any CPU
		{9907133E-E18C-43C6-AD08-44406E14CADD}.Debug|Any CPU.ActiveCfg = Debug|Any CPU
		{9907133E-E18C-43C6-AD08-44406E14CADD}.Debug|Any CPU.Build.0 = Debug|Any CPU
		{9907133E-E18C-43C6-AD08-44406E14CADD}.Release|Any CPU.ActiveCfg = Release|Any CPU
		{9907133E-E18C-43C6-AD08-44406E14CADD}.Release|Any CPU.Build.0 = Release|Any CPU
	EndGlobalSection
EndGlobal
